
Microsoft Visual Studio Solution File, Format Version 12.00
# Visual Studio Version 17
VisualStudioVersion = 17.0.32014.148
MinimumVisualStudioVersion = 10.0.40219.1
Project("{9A19103F-16F7-4668-BE54-9A1E7A4F7556}") = "SummerBoot", "SummerBoot\SummerBoot.csproj", "{72EBAD70-583C-4B9A-A360-7BEB790F436C}"
EndProject
Project("{9A19103F-16F7-4668-BE54-9A1E7A4F7556}") = "Example", "Example\Example.csproj", "{17506BFF-EB20-4E5F-B9D5-B5843BB4FEF8}"
EndProject
Project("{9A19103F-16F7-4668-BE54-9A1E7A4F7556}") = "SummerBoot.Test", "SummerBoot.Test\SummerBoot.Test.csproj", "{89AF499C-B39C-4F21-B5E4-FF729F571EEE}"
EndProject
Project("{9A19103F-16F7-4668-BE54-9A1E7A4F7556}") = "Example.WebApi", "Example.WebApi\Example.WebApi.csproj", "{371CDA5F-B878-4614-9022-2646A78BB5FE}"
EndProject
Project("{9A19103F-16F7-4668-BE54-9A1E7A4F7556}") = "MySqlConnector", "D:\test3\MySqlConnector\MySqlConnector.csproj", "{CF17BB5A-9740-481E-AB77-973B0B55E7CB}"
EndProject
Global
	GlobalSection(SolutionConfigurationPlatforms) = preSolution
		Debug|Any CPU = Debug|Any CPU
		Release|Any CPU = Release|Any CPU
	EndGlobalSection
	GlobalSection(ProjectConfigurationPlatforms) = postSolution
		{72EBAD70-583C-4B9A-A360-7BEB790F436C}.Debug|Any CPU.ActiveCfg = Debug|Any CPU
		{72EBAD70-583C-4B9A-A360-7BEB790F436C}.Debug|Any CPU.Build.0 = Debug|Any CPU
		{72EBAD70-583C-4B9A-A360-7BEB790F436C}.Release|Any CPU.ActiveCfg = Release|Any CPU
		{72EBAD70-583C-4B9A-A360-7BEB790F436C}.Release|Any CPU.Build.0 = Release|Any CPU
		{17506BFF-EB20-4E5F-B9D5-B5843BB4FEF8}.Debug|Any CPU.ActiveCfg = Debug|Any CPU
		{17506BFF-EB20-4E5F-B9D5-B5843BB4FEF8}.Debug|Any CPU.Build.0 = Debug|Any CPU
		{17506BFF-EB20-4E5F-B9D5-B5843BB4FEF8}.Release|Any CPU.ActiveCfg = Release|Any CPU
		{17506BFF-EB20-4E5F-B9D5-B5843BB4FEF8}.Release|Any CPU.Build.0 = Release|Any CPU
		{89AF499C-B39C-4F21-B5E4-FF729F571EEE}.Debug|Any CPU.ActiveCfg = Debug|Any CPU
		{89AF499C-B39C-4F21-B5E4-FF729F571EEE}.Debug|Any CPU.Build.0 = Debug|Any CPU
		{89AF499C-B39C-4F21-B5E4-FF729F571EEE}.Release|Any CPU.ActiveCfg = Release|Any CPU
		{89AF499C-B39C-4F21-B5E4-FF729F571EEE}.Release|Any CPU.Build.0 = Release|Any CPU
		{371CDA5F-B878-4614-9022-2646A78BB5FE}.Debug|Any CPU.ActiveCfg = Debug|Any CPU
		{371CDA5F-B878-4614-9022-2646A78BB5FE}.Debug|Any CPU.Build.0 = Debug|Any CPU
		{371CDA5F-B878-4614-9022-2646A78BB5FE}.Release|Any CPU.ActiveCfg = Release|Any CPU
		{371CDA5F-B878-4614-9022-2646A78BB5FE}.Release|Any CPU.Build.0 = Release|Any CPU
		{CF17BB5A-9740-481E-AB77-973B0B55E7CB}.Debug|Any CPU.ActiveCfg = Debug|Any CPU
		{CF17BB5A-9740-481E-AB77-973B0B55E7CB}.Debug|Any CPU.Build.0 = Debug|Any CPU
		{CF17BB5A-9740-481E-AB77-973B0B55E7CB}.Release|Any CPU.ActiveCfg = Release|Any CPU
		{CF17BB5A-9740-481E-AB77-973B0B55E7CB}.Release|Any CPU.Build.0 = Release|Any CPU
	EndGlobalSection
	GlobalSection(SolutionProperties) = preSolution
		HideSolutionNode = FALSE
	EndGlobalSection
	GlobalSection(ExtensibilityGlobals) = postSolution
		SolutionGuid = {E4B55081-BEF9-4BFC-85DC-780F6C070D0D}
	EndGlobalSection
EndGlobal
