
Microsoft Visual Studio Solution File, Format Version 12.00
# Visual Studio Version 16
VisualStudioVersion = 16.0.29609.76
MinimumVisualStudioVersion = 10.0.40219.1
Project("{FAE04EC0-301F-11D3-BF4B-00C04F79EFBC}") = "SummerBoot", "SummerBoot.csproj", "{72EBAD70-583C-4B9A-A360-7BEB790F436C}"
EndProject
Project("{FAE04EC0-301F-11D3-BF4B-00C04F79EFBC}") = "Example", "..\Example\Example.csproj", "{17506BFF-EB20-4E5F-B9D5-B5843BB4FEF8}"
EndProject
Global
	GlobalSection(SolutionConfigurationPlatforms) = preSolution
		Debug|Any CPU = Debug|Any CPU
		Release|Any CPU = Release|Any CPU
	EndGlobalSection
	GlobalSection(ProjectConfigurationPlatforms) = postSolution
		{72EBAD70-583C-4B9A-A360-7BEB790F436C}.Debug|Any CPU.ActiveCfg = Debug|Any CPU
		{72EBAD70-583C-4B9A-A360-7BEB790F436C}.Debug|Any CPU.Build.0 = Debug|Any CPU
		{72EBAD70-583C-4B9A-A360-7BEB790F436C}.Release|Any CPU.ActiveCfg = Release|Any CPU
		{72EBAD70-583C-4B9A-A360-7BEB790F436C}.Release|Any CPU.Build.0 = Release|Any CPU
		{17506BFF-EB20-4E5F-B9D5-B5843BB4FEF8}.Debug|Any CPU.ActiveCfg = Debug|Any CPU
		{17506BFF-EB20-4E5F-B9D5-B5843BB4FEF8}.Debug|Any CPU.Build.0 = Debug|Any CPU
		{17506BFF-EB20-4E5F-B9D5-B5843BB4FEF8}.Release|Any CPU.ActiveCfg = Release|Any CPU
		{17506BFF-EB20-4E5F-B9D5-B5843BB4FEF8}.Release|Any CPU.Build.0 = Release|Any CPU
	EndGlobalSection
	GlobalSection(SolutionProperties) = preSolution
		HideSolutionNode = FALSE
	EndGlobalSection
	GlobalSection(ExtensibilityGlobals) = postSolution
		SolutionGuid = {E4B55081-BEF9-4BFC-85DC-780F6C070D0D}
	EndGlobalSection
EndGlobal
